// !$*UTF8*$!
{
	archiveVersion = 1;
	classes = {
	};
	objectVersion = 46;
	objects = {

/* Begin PBXBuildFile section */
		91E75F791606173A006FB8FA /* Cocoa.framework in Frameworks */ = {isa = PBXBuildFile; fileRef = 91E75F781606173A006FB8FA /* Cocoa.framework */; };
		91E75F831606173A006FB8FA /* InfoPlist.strings in Resources */ = {isa = PBXBuildFile; fileRef = 91E75F811606173A006FB8FA /* InfoPlist.strings */; };
		91E75F851606173A006FB8FA /* main.m in Sources */ = {isa = PBXBuildFile; fileRef = 91E75F841606173A006FB8FA /* main.m */; };
		91E75F891606173A006FB8FA /* Credits.rtf in Resources */ = {isa = PBXBuildFile; fileRef = 91E75F871606173A006FB8FA /* Credits.rtf */; };
		91E75F8C1606173A006FB8FA /* SLMAppDelegate.m in Sources */ = {isa = PBXBuildFile; fileRef = 91E75F8B1606173A006FB8FA /* SLMAppDelegate.m */; };
		91E75F8F1606173A006FB8FA /* MainMenu.xib in Resources */ = {isa = PBXBuildFile; fileRef = 91E75F8D1606173A006FB8FA /* MainMenu.xib */; };
		91E75F921606173A006FB8FA /* USJ_Ext.xcdatamodeld in Sources */ = {isa = PBXBuildFile; fileRef = 91E75F901606173A006FB8FA /* USJ_Ext.xcdatamodeld */; };
		91E75F9A1606173A006FB8FA /* SenTestingKit.framework in Frameworks */ = {isa = PBXBuildFile; fileRef = 91E75F991606173A006FB8FA /* SenTestingKit.framework */; };
		91E75F9B1606173B006FB8FA /* Cocoa.framework in Frameworks */ = {isa = PBXBuildFile; fileRef = 91E75F781606173A006FB8FA /* Cocoa.framework */; };
		91E75FA31606173B006FB8FA /* InfoPlist.strings in Resources */ = {isa = PBXBuildFile; fileRef = 91E75FA11606173B006FB8FA /* InfoPlist.strings */; };
		91E75FA61606173B006FB8FA /* USJ_ExtTests.m in Sources */ = {isa = PBXBuildFile; fileRef = 91E75FA51606173B006FB8FA /* USJ_ExtTests.m */; };
/* End PBXBuildFile section */

/* Begin PBXContainerItemProxy section */
		91E75F9C1606173B006FB8FA /* PBXContainerItemProxy */ = {
			isa = PBXContainerItemProxy;
			containerPortal = 91E75F6B1606173A006FB8FA /* Project object */;
			proxyType = 1;
			remoteGlobalIDString = 91E75F731606173A006FB8FA;
			remoteInfo = "USJ Ext";
		};
/* End PBXContainerItemProxy section */

/* Begin PBXFileReference section */
		91E75F741606173A006FB8FA /* USJ Ext.app */ = {isa = PBXFileReference; explicitFileType = wrapper.application; includeInIndex = 0; path = "USJ Ext.app"; sourceTree = BUILT_PRODUCTS_DIR; };
		91E75F781606173A006FB8FA /* Cocoa.framework */ = {isa = PBXFileReference; lastKnownFileType = wrapper.framework; name = Cocoa.framework; path = System/Library/Frameworks/Cocoa.framework; sourceTree = SDKROOT; };
		91E75F7B1606173A006FB8FA /* AppKit.framework */ = {isa = PBXFileReference; lastKnownFileType = wrapper.framework; name = AppKit.framework; path = System/Library/Frameworks/AppKit.framework; sourceTree = SDKROOT; };
		91E75F7C1606173A006FB8FA /* CoreData.framework */ = {isa = PBXFileReference; lastKnownFileType = wrapper.framework; name = CoreData.framework; path = System/Library/Frameworks/CoreData.framework; sourceTree = SDKROOT; };
		91E75F7D1606173A006FB8FA /* Foundation.framework */ = {isa = PBXFileReference; lastKnownFileType = wrapper.framework; name = Foundation.framework; path = System/Library/Frameworks/Foundation.framework; sourceTree = SDKROOT; };
		91E75F801606173A006FB8FA /* USJ Ext-Info.plist */ = {isa = PBXFileReference; lastKnownFileType = text.plist.xml; path = "USJ Ext-Info.plist"; sourceTree = "<group>"; };
		91E75F821606173A006FB8FA /* en */ = {isa = PBXFileReference; lastKnownFileType = text.plist.strings; name = en; path = en.lproj/InfoPlist.strings; sourceTree = "<group>"; };
		91E75F841606173A006FB8FA /* main.m */ = {isa = PBXFileReference; lastKnownFileType = sourcecode.c.objc; path = main.m; sourceTree = "<group>"; };
		91E75F861606173A006FB8FA /* USJ Ext-Prefix.pch */ = {isa = PBXFileReference; lastKnownFileType = sourcecode.c.h; path = "USJ Ext-Prefix.pch"; sourceTree = "<group>"; };
		91E75F881606173A006FB8FA /* en */ = {isa = PBXFileReference; lastKnownFileType = text.rtf; name = en; path = en.lproj/Credits.rtf; sourceTree = "<group>"; };
		91E75F8A1606173A006FB8FA /* SLMAppDelegate.h */ = {isa = PBXFileReference; lastKnownFileType = sourcecode.c.h; path = SLMAppDelegate.h; sourceTree = "<group>"; };
		91E75F8B1606173A006FB8FA /* SLMAppDelegate.m */ = {isa = PBXFileReference; lastKnownFileType = sourcecode.c.objc; path = SLMAppDelegate.m; sourceTree = "<group>"; };
		91E75F8E1606173A006FB8FA /* en */ = {isa = PBXFileReference; lastKnownFileType = file.xib; name = en; path = en.lproj/MainMenu.xib; sourceTree = "<group>"; };
		91E75F911606173A006FB8FA /* USJ_Ext.xcdatamodel */ = {isa = PBXFileReference; lastKnownFileType = wrapper.xcdatamodel; path = USJ_Ext.xcdatamodel; sourceTree = "<group>"; };
		91E75F981606173A006FB8FA /* USJ ExtTests.octest */ = {isa = PBXFileReference; explicitFileType = wrapper.cfbundle; includeInIndex = 0; path = "USJ ExtTests.octest"; sourceTree = BUILT_PRODUCTS_DIR; };
		91E75F991606173A006FB8FA /* SenTestingKit.framework */ = {isa = PBXFileReference; lastKnownFileType = wrapper.framework; name = SenTestingKit.framework; path = Library/Frameworks/SenTestingKit.framework; sourceTree = DEVELOPER_DIR; };
		91E75FA01606173B006FB8FA /* USJ ExtTests-Info.plist */ = {isa = PBXFileReference; lastKnownFileType = text.plist.xml; path = "USJ ExtTests-Info.plist"; sourceTree = "<group>"; };
		91E75FA21606173B006FB8FA /* en */ = {isa = PBXFileReference; lastKnownFileType = text.plist.strings; name = en; path = en.lproj/InfoPlist.strings; sourceTree = "<group>"; };
		91E75FA41606173B006FB8FA /* USJ_ExtTests.h */ = {isa = PBXFileReference; lastKnownFileType = sourcecode.c.h; path = USJ_ExtTests.h; sourceTree = "<group>"; };
		91E75FA51606173B006FB8FA /* USJ_ExtTests.m */ = {isa = PBXFileReference; lastKnownFileType = sourcecode.c.objc; path = USJ_ExtTests.m; sourceTree = "<group>"; };
/* End PBXFileReference section */

/* Begin PBXFrameworksBuildPhase section */
		91E75F711606173A006FB8FA /* Frameworks */ = {
			isa = PBXFrameworksBuildPhase;
			buildActionMask = 2147483647;
			files = (
				91E75F791606173A006FB8FA /* Cocoa.framework in Frameworks */,
			);
			runOnlyForDeploymentPostprocessing = 0;
		};
		91E75F941606173A006FB8FA /* Frameworks */ = {
			isa = PBXFrameworksBuildPhase;
			buildActionMask = 2147483647;
			files = (
				91E75F9A1606173A006FB8FA /* SenTestingKit.framework in Frameworks */,
				91E75F9B1606173B006FB8FA /* Cocoa.framework in Frameworks */,
			);
			runOnlyForDeploymentPostprocessing = 0;
		};
/* End PBXFrameworksBuildPhase section */

/* Begin PBXGroup section */
		91E75F691606173A006FB8FA = {
			isa = PBXGroup;
			children = (
				91E75F7E1606173A006FB8FA /* USJ Ext */,
				91E75F9E1606173B006FB8FA /* USJ ExtTests */,
				91E75F771606173A006FB8FA /* Frameworks */,
				91E75F751606173A006FB8FA /* Products */,
			);
			sourceTree = "<group>";
		};
		91E75F751606173A006FB8FA /* Products */ = {
			isa = PBXGroup;
			children = (
				91E75F741606173A006FB8FA /* USJ Ext.app */,
				91E75F981606173A006FB8FA /* USJ ExtTests.octest */,
			);
			name = Products;
			sourceTree = "<group>";
		};
		91E75F771606173A006FB8FA /* Frameworks */ = {
			isa = PBXGroup;
			children = (
				91E75F781606173A006FB8FA /* Cocoa.framework */,
				91E75F991606173A006FB8FA /* SenTestingKit.framework */,
				91E75F7A1606173A006FB8FA /* Other Frameworks */,
			);
			name = Frameworks;
			sourceTree = "<group>";
		};
		91E75F7A1606173A006FB8FA /* Other Frameworks */ = {
			isa = PBXGroup;
			children = (
				91E75F7B1606173A006FB8FA /* AppKit.framework */,
				91E75F7C1606173A006FB8FA /* CoreData.framework */,
				91E75F7D1606173A006FB8FA /* Foundation.framework */,
			);
			name = "Other Frameworks";
			sourceTree = "<group>";
		};
		91E75F7E1606173A006FB8FA /* USJ Ext */ = {
			isa = PBXGroup;
			children = (
				91E75F8A1606173A006FB8FA /* SLMAppDelegate.h */,
				91E75F8B1606173A006FB8FA /* SLMAppDelegate.m */,
				91E75F8D1606173A006FB8FA /* MainMenu.xib */,
				91E75F901606173A006FB8FA /* USJ_Ext.xcdatamodeld */,
				91E75F7F1606173A006FB8FA /* Supporting Files */,
			);
			path = "USJ Ext";
			sourceTree = "<group>";
		};
		91E75F7F1606173A006FB8FA /* Supporting Files */ = {
			isa = PBXGroup;
			children = (
				91E75F801606173A006FB8FA /* USJ Ext-Info.plist */,
				91E75F811606173A006FB8FA /* InfoPlist.strings */,
				91E75F841606173A006FB8FA /* main.m */,
				91E75F861606173A006FB8FA /* USJ Ext-Prefix.pch */,
				91E75F871606173A006FB8FA /* Credits.rtf */,
			);
			name = "Supporting Files";
			sourceTree = "<group>";
		};
		91E75F9E1606173B006FB8FA /* USJ ExtTests */ = {
			isa = PBXGroup;
			children = (
				91E75FA41606173B006FB8FA /* USJ_ExtTests.h */,
				91E75FA51606173B006FB8FA /* USJ_ExtTests.m */,
				91E75F9F1606173B006FB8FA /* Supporting Files */,
			);
			path = "USJ ExtTests";
			sourceTree = "<group>";
		};
		91E75F9F1606173B006FB8FA /* Supporting Files */ = {
			isa = PBXGroup;
			children = (
				91E75FA01606173B006FB8FA /* USJ ExtTests-Info.plist */,
				91E75FA11606173B006FB8FA /* InfoPlist.strings */,
			);
			name = "Supporting Files";
			sourceTree = "<group>";
		};
/* End PBXGroup section */

/* Begin PBXNativeTarget section */
		91E75F731606173A006FB8FA /* USJ Ext */ = {
			isa = PBXNativeTarget;
			buildConfigurationList = 91E75FA91606173B006FB8FA /* Build configuration list for PBXNativeTarget "USJ Ext" */;
			buildPhases = (
				91E75F701606173A006FB8FA /* Sources */,
				91E75F711606173A006FB8FA /* Frameworks */,
				91E75F721606173A006FB8FA /* Resources */,
			);
			buildRules = (
			);
			dependencies = (
			);
			name = "USJ Ext";
			productName = "USJ Ext";
			productReference = 91E75F741606173A006FB8FA /* USJ Ext.app */;
			productType = "com.apple.product-type.application";
		};
		91E75F971606173A006FB8FA /* USJ ExtTests */ = {
			isa = PBXNativeTarget;
			buildConfigurationList = 91E75FAC1606173B006FB8FA /* Build configuration list for PBXNativeTarget "USJ ExtTests" */;
			buildPhases = (
				91E75F931606173A006FB8FA /* Sources */,
				91E75F941606173A006FB8FA /* Frameworks */,
				91E75F951606173A006FB8FA /* Resources */,
				91E75F961606173A006FB8FA /* ShellScript */,
			);
			buildRules = (
			);
			dependencies = (
				91E75F9D1606173B006FB8FA /* PBXTargetDependency */,
			);
			name = "USJ ExtTests";
			productName = "USJ ExtTests";
			productReference = 91E75F981606173A006FB8FA /* USJ ExtTests.octest */;
			productType = "com.apple.product-type.bundle";
		};
/* End PBXNativeTarget section */

/* Begin PBXProject section */
		91E75F6B1606173A006FB8FA /* Project object */ = {
			isa = PBXProject;
			attributes = {
				CLASSPREFIX = SLM;
				LastUpgradeCheck = 0440;
				ORGANIZATIONNAME = sleeplessmind;
			};
			buildConfigurationList = 91E75F6E1606173A006FB8FA /* Build configuration list for PBXProject "USJ Ext" */;
			compatibilityVersion = "Xcode 3.2";
			developmentRegion = English;
			hasScannedForEncodings = 0;
			knownRegions = (
				en,
			);
			mainGroup = 91E75F691606173A006FB8FA;
			productRefGroup = 91E75F751606173A006FB8FA /* Products */;
			projectDirPath = "";
			projectRoot = "";
			targets = (
				91E75F731606173A006FB8FA /* USJ Ext */,
				91E75F971606173A006FB8FA /* USJ ExtTests */,
			);
		};
/* End PBXProject section */

/* Begin PBXResourcesBuildPhase section */
		91E75F721606173A006FB8FA /* Resources */ = {
			isa = PBXResourcesBuildPhase;
			buildActionMask = 2147483647;
			files = (
				91E75F831606173A006FB8FA /* InfoPlist.strings in Resources */,
				91E75F891606173A006FB8FA /* Credits.rtf in Resources */,
				91E75F8F1606173A006FB8FA /* MainMenu.xib in Resources */,
			);
			runOnlyForDeploymentPostprocessing = 0;
		};
		91E75F951606173A006FB8FA /* Resources */ = {
			isa = PBXResourcesBuildPhase;
			buildActionMask = 2147483647;
			files = (
				91E75FA31606173B006FB8FA /* InfoPlist.strings in Resources */,
			);
			runOnlyForDeploymentPostprocessing = 0;
		};
/* End PBXResourcesBuildPhase section */

/* Begin PBXShellScriptBuildPhase section */
		91E75F961606173A006FB8FA /* ShellScript */ = {
			isa = PBXShellScriptBuildPhase;
			buildActionMask = 2147483647;
			files = (
			);
			inputPaths = (
			);
			outputPaths = (
			);
			runOnlyForDeploymentPostprocessing = 0;
			shellPath = /bin/sh;
			shellScript = "# Run the unit tests in this test bundle.\n\"${SYSTEM_DEVELOPER_DIR}/Tools/RunUnitTests\"\n";
		};
/* End PBXShellScriptBuildPhase section */

/* Begin PBXSourcesBuildPhase section */
		91E75F701606173A006FB8FA /* Sources */ = {
			isa = PBXSourcesBuildPhase;
			buildActionMask = 2147483647;
			files = (
				91E75F851606173A006FB8FA /* main.m in Sources */,
				91E75F8C1606173A006FB8FA /* SLMAppDelegate.m in Sources */,
				91E75F921606173A006FB8FA /* USJ_Ext.xcdatamodeld in Sources */,
			);
			runOnlyForDeploymentPostprocessing = 0;
		};
		91E75F931606173A006FB8FA /* Sources */ = {
			isa = PBXSourcesBuildPhase;
			buildActionMask = 2147483647;
			files = (
				91E75FA61606173B006FB8FA /* USJ_ExtTests.m in Sources */,
			);
			runOnlyForDeploymentPostprocessing = 0;
		};
/* End PBXSourcesBuildPhase section */

/* Begin PBXTargetDependency section */
		91E75F9D1606173B006FB8FA /* PBXTargetDependency */ = {
			isa = PBXTargetDependency;
			target = 91E75F731606173A006FB8FA /* USJ Ext */;
			targetProxy = 91E75F9C1606173B006FB8FA /* PBXContainerItemProxy */;
		};
/* End PBXTargetDependency section */

/* Begin PBXVariantGroup section */
		91E75F811606173A006FB8FA /* InfoPlist.strings */ = {
			isa = PBXVariantGroup;
			children = (
				91E75F821606173A006FB8FA /* en */,
			);
			name = InfoPlist.strings;
			sourceTree = "<group>";
		};
		91E75F871606173A006FB8FA /* Credits.rtf */ = {
			isa = PBXVariantGroup;
			children = (
				91E75F881606173A006FB8FA /* en */,
			);
			name = Credits.rtf;
			sourceTree = "<group>";
		};
		91E75F8D1606173A006FB8FA /* MainMenu.xib */ = {
			isa = PBXVariantGroup;
			children = (
				91E75F8E1606173A006FB8FA /* en */,
			);
			name = MainMenu.xib;
			sourceTree = "<group>";
		};
		91E75FA11606173B006FB8FA /* InfoPlist.strings */ = {
			isa = PBXVariantGroup;
			children = (
				91E75FA21606173B006FB8FA /* en */,
			);
			name = InfoPlist.strings;
			sourceTree = "<group>";
		};
/* End PBXVariantGroup section */

/* Begin XCBuildConfiguration section */
		91E75FA71606173B006FB8FA /* Debug */ = {
			isa = XCBuildConfiguration;
			buildSettings = {
				ALWAYS_SEARCH_USER_PATHS = NO;
				ARCHS = "$(ARCHS_STANDARD_64_BIT)";
				CLANG_CXX_LANGUAGE_STANDARD = "gnu++0x";
				CLANG_ENABLE_OBJC_ARC = YES;
				CLANG_WARN__DUPLICATE_METHOD_MATCH = YES;
				COPY_PHASE_STRIP = NO;
				GCC_C_LANGUAGE_STANDARD = gnu99;
				GCC_DYNAMIC_NO_PIC = NO;
				GCC_ENABLE_OBJC_EXCEPTIONS = YES;
				GCC_OPTIMIZATION_LEVEL = 0;
				GCC_PREPROCESSOR_DEFINITIONS = (
					"DEBUG=1",
					"$(inherited)",
				);
				GCC_SYMBOLS_PRIVATE_EXTERN = NO;
				GCC_WARN_64_TO_32_BIT_CONVERSION = YES;
				GCC_WARN_ABOUT_RETURN_TYPE = YES;
				GCC_WARN_UNINITIALIZED_AUTOS = YES;
				GCC_WARN_UNUSED_VARIABLE = YES;
				MACOSX_DEPLOYMENT_TARGET = 10.8;
				ONLY_ACTIVE_ARCH = YES;
				SDKROOT = macosx;
			};
			name = Debug;
		};
		91E75FA81606173B006FB8FA /* Release */ = {
			isa = XCBuildConfiguration;
			buildSettings = {
				ALWAYS_SEARCH_USER_PATHS = NO;
				ARCHS = "$(ARCHS_STANDARD_64_BIT)";
				CLANG_CXX_LANGUAGE_STANDARD = "gnu++0x";
				CLANG_ENABLE_OBJC_ARC = YES;
				CLANG_WARN__DUPLICATE_METHOD_MATCH = YES;
				COPY_PHASE_STRIP = YES;
				DEBUG_INFORMATION_FORMAT = "dwarf-with-dsym";
				GCC_C_LANGUAGE_STANDARD = gnu99;
				GCC_ENABLE_OBJC_EXCEPTIONS = YES;
				GCC_WARN_64_TO_32_BIT_CONVERSION = YES;
				GCC_WARN_ABOUT_RETURN_TYPE = YES;
				GCC_WARN_UNINITIALIZED_AUTOS = YES;
				GCC_WARN_UNUSED_VARIABLE = YES;
				MACOSX_DEPLOYMENT_TARGET = 10.8;
				SDKROOT = macosx;
			};
			name = Release;
		};
		91E75FAA1606173B006FB8FA /* Debug */ = {
			isa = XCBuildConfiguration;
			buildSettings = {
				COMBINE_HIDPI_IMAGES = YES;
				GCC_PRECOMPILE_PREFIX_HEADER = YES;
				GCC_PREFIX_HEADER = "USJ Ext/USJ Ext-Prefix.pch";
				INFOPLIST_FILE = "USJ Ext/USJ Ext-Info.plist";
				PRODUCT_NAME = "$(TARGET_NAME)";
				WRAPPER_EXTENSION = app;
			};
			name = Debug;
		};
		91E75FAB1606173B006FB8FA /* Release */ = {
			isa = XCBuildConfiguration;
			buildSettings = {
				COMBINE_HIDPI_IMAGES = YES;
				GCC_PRECOMPILE_PREFIX_HEADER = YES;
				GCC_PREFIX_HEADER = "USJ Ext/USJ Ext-Prefix.pch";
				INFOPLIST_FILE = "USJ Ext/USJ Ext-Info.plist";
				PRODUCT_NAME = "$(TARGET_NAME)";
				WRAPPER_EXTENSION = app;
			};
			name = Release;
		};
		91E75FAD1606173B006FB8FA /* Debug */ = {
			isa = XCBuildConfiguration;
			buildSettings = {
				BUNDLE_LOADER = "$(BUILT_PRODUCTS_DIR)/USJ Ext.app/Contents/MacOS/USJ Ext";
				COMBINE_HIDPI_IMAGES = YES;
				FRAMEWORK_SEARCH_PATHS = "\"$(DEVELOPER_LIBRARY_DIR)/Frameworks\"";
				GCC_PRECOMPILE_PREFIX_HEADER = YES;
				GCC_PREFIX_HEADER = "USJ Ext/USJ Ext-Prefix.pch";
				INFOPLIST_FILE = "USJ ExtTests/USJ ExtTests-Info.plist";
				PRODUCT_NAME = "$(TARGET_NAME)";
				TEST_HOST = "$(BUNDLE_LOADER)";
				WRAPPER_EXTENSION = octest;
			};
			name = Debug;
		};
		91E75FAE1606173B006FB8FA /* Release */ = {
			isa = XCBuildConfiguration;
			buildSettings = {
				BUNDLE_LOADER = "$(BUILT_PRODUCTS_DIR)/USJ Ext.app/Contents/MacOS/USJ Ext";
				COMBINE_HIDPI_IMAGES = YES;
				FRAMEWORK_SEARCH_PATHS = "\"$(DEVELOPER_LIBRARY_DIR)/Frameworks\"";
				GCC_PRECOMPILE_PREFIX_HEADER = YES;
				GCC_PREFIX_HEADER = "USJ Ext/USJ Ext-Prefix.pch";
				INFOPLIST_FILE = "USJ ExtTests/USJ ExtTests-Info.plist";
				PRODUCT_NAME = "$(TARGET_NAME)";
				TEST_HOST = "$(BUNDLE_LOADER)";
				WRAPPER_EXTENSION = octest;
			};
			name = Release;
		};
/* End XCBuildConfiguration section */

/* Begin XCConfigurationList section */
		91E75F6E1606173A006FB8FA /* Build configuration list for PBXProject "USJ Ext" */ = {
			isa = XCConfigurationList;
			buildConfigurations = (
				91E75FA71606173B006FB8FA /* Debug */,
				91E75FA81606173B006FB8FA /* Release */,
			);
			defaultConfigurationIsVisible = 0;
			defaultConfigurationName = Release;
		};
		91E75FA91606173B006FB8FA /* Build configuration list for PBXNativeTarget "USJ Ext" */ = {
			isa = XCConfigurationList;
			buildConfigurations = (
				91E75FAA1606173B006FB8FA /* Debug */,
				91E75FAB1606173B006FB8FA /* Release */,
			);
			defaultConfigurationIsVisible = 0;
		};
		91E75FAC1606173B006FB8FA /* Build configuration list for PBXNativeTarget "USJ ExtTests" */ = {
			isa = XCConfigurationList;
			buildConfigurations = (
				91E75FAD1606173B006FB8FA /* Debug */,
				91E75FAE1606173B006FB8FA /* Release */,
			);
			defaultConfigurationIsVisible = 0;
		};
/* End XCConfigurationList section */

/* Begin XCVersionGroup section */
		91E75F901606173A006FB8FA /* USJ_Ext.xcdatamodeld */ = {
			isa = XCVersionGroup;
			children = (
				91E75F911606173A006FB8FA /* USJ_Ext.xcdatamodel */,
			);
			currentVersion = 91E75F911606173A006FB8FA /* USJ_Ext.xcdatamodel */;
			path = USJ_Ext.xcdatamodeld;
			sourceTree = "<group>";
			versionGroupType = wrapper.xcdatamodel;
		};
/* End XCVersionGroup section */
	};
	rootObject = 91E75F6B1606173A006FB8FA /* Project object */;
}
